// !$*UTF8*$!
{
	archiveVersion = 1;
	classes = {
	};
	objectVersion = 50;
	objects = {

/* Begin PBXBuildFile section */
		D0E05F5326F80E9C003FC04F /* main.c in Sources */ = {isa = PBXBuildFile; fileRef = D0E05F5226F80E9C003FC04F /* main.c */; };
		D0E05F5E26F8191A003FC04F /* EnterInfo.c in Sources */ = {isa = PBXBuildFile; fileRef = D0E05F5D26F8191A003FC04F /* EnterInfo.c */; };
		D0E05F7726F81BF4003FC04F /* Average.c in Sources */ = {isa = PBXBuildFile; fileRef = D0E05F7626F81BF4003FC04F /* Average.c */; };
		D0E05F7A26F81DFD003FC04F /* SingleStu.c in Sources */ = {isa = PBXBuildFile; fileRef = D0E05F7926F81DFD003FC04F /* SingleStu.c */; };
		D0E05F7D26F81FD5003FC04F /* SumRank.c in Sources */ = {isa = PBXBuildFile; fileRef = D0E05F7C26F81FD5003FC04F /* SumRank.c */; };
		D0E05F8026F825E2003FC04F /* NoRank.c in Sources */ = {isa = PBXBuildFile; fileRef = D0E05F7F26F825E2003FC04F /* NoRank.c */; };
		D0E05F8326F8274A003FC04F /* NameRank.c in Sources */ = {isa = PBXBuildFile; fileRef = D0E05F8226F8274A003FC04F /* NameRank.c */; };
		D0E05F8626F82CBA003FC04F /* FindByNo.c in Sources */ = {isa = PBXBuildFile; fileRef = D0E05F8526F82CBA003FC04F /* FindByNo.c */; };
		D0E05F8926F82EB3003FC04F /* FindByName.c in Sources */ = {isa = PBXBuildFile; fileRef = D0E05F8826F82EB3003FC04F /* FindByName.c */; };
		D0E05F8C26F82FDC003FC04F /* GradesLevel.c in Sources */ = {isa = PBXBuildFile; fileRef = D0E05F8B26F82FDC003FC04F /* GradesLevel.c */; };
		D0E05F8F26F83205003FC04F /* PrintAll.c in Sources */ = {isa = PBXBuildFile; fileRef = D0E05F8E26F83205003FC04F /* PrintAll.c */; };
/* End PBXBuildFile section */

/* Begin PBXCopyFilesBuildPhase section */
		D0E05F4D26F80E9C003FC04F /* CopyFiles */ = {
			isa = PBXCopyFilesBuildPhase;
			buildActionMask = 2147483647;
			dstPath = /usr/share/man/man1/;
			dstSubfolderSpec = 0;
			files = (
			);
			runOnlyForDeploymentPostprocessing = 1;
		};
/* End PBXCopyFilesBuildPhase section */

/* Begin PBXFileReference section */
		D0E05F4F26F80E9C003FC04F /* project8.0 */ = {isa = PBXFileReference; explicitFileType = "compiled.mach-o.executable"; includeInIndex = 0; path = project8.0; sourceTree = BUILT_PRODUCTS_DIR; };
		D0E05F5226F80E9C003FC04F /* main.c */ = {isa = PBXFileReference; lastKnownFileType = sourcecode.c.c; path = main.c; sourceTree = "<group>"; };
		D0E05F5C26F8191A003FC04F /* EnterInfo.h */ = {isa = PBXFileReference; lastKnownFileType = sourcecode.c.h; path = EnterInfo.h; sourceTree = "<group>"; };
		D0E05F5D26F8191A003FC04F /* EnterInfo.c */ = {isa = PBXFileReference; lastKnownFileType = sourcecode.c.c; path = EnterInfo.c; sourceTree = "<group>"; };
		D0E05F7526F81BF4003FC04F /* Average.h */ = {isa = PBXFileReference; lastKnownFileType = sourcecode.c.h; path = Average.h; sourceTree = "<group>"; };
		D0E05F7626F81BF4003FC04F /* Average.c */ = {isa = PBXFileReference; lastKnownFileType = sourcecode.c.c; path = Average.c; sourceTree = "<group>"; };
		D0E05F7826F81DFD003FC04F /* SingleStu.h */ = {isa = PBXFileReference; lastKnownFileType = sourcecode.c.h; path = SingleStu.h; sourceTree = "<group>"; };
		D0E05F7926F81DFD003FC04F /* SingleStu.c */ = {isa = PBXFileReference; lastKnownFileType = sourcecode.c.c; path = SingleStu.c; sourceTree = "<group>"; };
		D0E05F7B26F81FD5003FC04F /* SumRank.h */ = {isa = PBXFileReference; lastKnownFileType = sourcecode.c.h; path = SumRank.h; sourceTree = "<group>"; };
		D0E05F7C26F81FD5003FC04F /* SumRank.c */ = {isa = PBXFileReference; lastKnownFileType = sourcecode.c.c; path = SumRank.c; sourceTree = "<group>"; };
		D0E05F7E26F825E2003FC04F /* NoRank.h */ = {isa = PBXFileReference; lastKnownFileType = sourcecode.c.h; path = NoRank.h; sourceTree = "<group>"; };
		D0E05F7F26F825E2003FC04F /* NoRank.c */ = {isa = PBXFileReference; lastKnownFileType = sourcecode.c.c; path = NoRank.c; sourceTree = "<group>"; };
		D0E05F8126F8274A003FC04F /* NameRank.h */ = {isa = PBXFileReference; lastKnownFileType = sourcecode.c.h; path = NameRank.h; sourceTree = "<group>"; };
		D0E05F8226F8274A003FC04F /* NameRank.c */ = {isa = PBXFileReference; lastKnownFileType = sourcecode.c.c; path = NameRank.c; sourceTree = "<group>"; };
		D0E05F8426F82CBA003FC04F /* FindByNo.h */ = {isa = PBXFileReference; lastKnownFileType = sourcecode.c.h; path = FindByNo.h; sourceTree = "<group>"; };
		D0E05F8526F82CBA003FC04F /* FindByNo.c */ = {isa = PBXFileReference; lastKnownFileType = sourcecode.c.c; path = FindByNo.c; sourceTree = "<group>"; };
		D0E05F8726F82EB3003FC04F /* FindByName.h */ = {isa = PBXFileReference; lastKnownFileType = sourcecode.c.h; path = FindByName.h; sourceTree = "<group>"; };
		D0E05F8826F82EB3003FC04F /* FindByName.c */ = {isa = PBXFileReference; lastKnownFileType = sourcecode.c.c; path = FindByName.c; sourceTree = "<group>"; };
		D0E05F8A26F82FDC003FC04F /* GradesLevel.h */ = {isa = PBXFileReference; lastKnownFileType = sourcecode.c.h; path = GradesLevel.h; sourceTree = "<group>"; };
		D0E05F8B26F82FDC003FC04F /* GradesLevel.c */ = {isa = PBXFileReference; lastKnownFileType = sourcecode.c.c; path = GradesLevel.c; sourceTree = "<group>"; };
		D0E05F8D26F83205003FC04F /* PrintAll.h */ = {isa = PBXFileReference; lastKnownFileType = sourcecode.c.h; path = PrintAll.h; sourceTree = "<group>"; };
		D0E05F8E26F83205003FC04F /* PrintAll.c */ = {isa = PBXFileReference; lastKnownFileType = sourcecode.c.c; path = PrintAll.c; sourceTree = "<group>"; };
/* End PBXFileReference section */

/* Begin PBXFrameworksBuildPhase section */
		D0E05F4C26F80E9C003FC04F /* Frameworks */ = {
			isa = PBXFrameworksBuildPhase;
			buildActionMask = 2147483647;
			files = (
			);
			runOnlyForDeploymentPostprocessing = 0;
		};
/* End PBXFrameworksBuildPhase section */

/* Begin PBXGroup section */
		D0E05F4626F80E9C003FC04F = {
			isa = PBXGroup;
			children = (
				D0E05F5126F80E9C003FC04F /* project8.0 */,
				D0E05F5026F80E9C003FC04F /* Products */,
			);
			sourceTree = "<group>";
		};
		D0E05F5026F80E9C003FC04F /* Products */ = {
			isa = PBXGroup;
			children = (
				D0E05F4F26F80E9C003FC04F /* project8.0 */,
			);
			name = Products;
			sourceTree = "<group>";
		};
		D0E05F5126F80E9C003FC04F /* project8.0 */ = {
			isa = PBXGroup;
			children = (
				D0E05F5226F80E9C003FC04F /* main.c */,
				D0E05F5C26F8191A003FC04F /* EnterInfo.h */,
				D0E05F5D26F8191A003FC04F /* EnterInfo.c */,
				D0E05F7526F81BF4003FC04F /* Average.h */,
				D0E05F7626F81BF4003FC04F /* Average.c */,
				D0E05F7826F81DFD003FC04F /* SingleStu.h */,
				D0E05F7926F81DFD003FC04F /* SingleStu.c */,
				D0E05F7B26F81FD5003FC04F /* SumRank.h */,
				D0E05F7C26F81FD5003FC04F /* SumRank.c */,
				D0E05F7E26F825E2003FC04F /* NoRank.h */,
				D0E05F7F26F825E2003FC04F /* NoRank.c */,
				D0E05F8126F8274A003FC04F /* NameRank.h */,
				D0E05F8226F8274A003FC04F /* NameRank.c */,
				D0E05F8426F82CBA003FC04F /* FindByNo.h */,
				D0E05F8526F82CBA003FC04F /* FindByNo.c */,
				D0E05F8726F82EB3003FC04F /* FindByName.h */,
				D0E05F8826F82EB3003FC04F /* FindByName.c */,
				D0E05F8A26F82FDC003FC04F /* GradesLevel.h */,
				D0E05F8B26F82FDC003FC04F /* GradesLevel.c */,
				D0E05F8D26F83205003FC04F /* PrintAll.h */,
				D0E05F8E26F83205003FC04F /* PrintAll.c */,
			);
			path = project8.0;
			sourceTree = "<group>";
		};
/* End PBXGroup section */

/* Begin PBXNativeTarget section */
		D0E05F4E26F80E9C003FC04F /* project8.0 */ = {
			isa = PBXNativeTarget;
			buildConfigurationList = D0E05F5626F80E9C003FC04F /* Build configuration list for PBXNativeTarget "project8.0" */;
			buildPhases = (
				D0E05F4B26F80E9C003FC04F /* Sources */,
				D0E05F4C26F80E9C003FC04F /* Frameworks */,
				D0E05F4D26F80E9C003FC04F /* CopyFiles */,
			);
			buildRules = (
			);
			dependencies = (
			);
			name = project8.0;
			productName = project8.0;
			productReference = D0E05F4F26F80E9C003FC04F /* project8.0 */;
			productType = "com.apple.product-type.tool";
		};
/* End PBXNativeTarget section */

/* Begin PBXProject section */
		D0E05F4726F80E9C003FC04F /* Project object */ = {
			isa = PBXProject;
			attributes = {
				LastUpgradeCheck = 1250;
				TargetAttributes = {
					D0E05F4E26F80E9C003FC04F = {
						CreatedOnToolsVersion = 12.5.1;
					};
				};
			};
			buildConfigurationList = D0E05F4A26F80E9C003FC04F /* Build configuration list for PBXProject "project8.0" */;
			compatibilityVersion = "Xcode 9.3";
			developmentRegion = en;
			hasScannedForEncodings = 0;
			knownRegions = (
				en,
				Base,
			);
			mainGroup = D0E05F4626F80E9C003FC04F;
			productRefGroup = D0E05F5026F80E9C003FC04F /* Products */;
			projectDirPath = "";
			projectRoot = "";
			targets = (
				D0E05F4E26F80E9C003FC04F /* project8.0 */,
			);
		};
/* End PBXProject section */

/* Begin PBXSourcesBuildPhase section */
		D0E05F4B26F80E9C003FC04F /* Sources */ = {
			isa = PBXSourcesBuildPhase;
			buildActionMask = 2147483647;
			files = (
				D0E05F8026F825E2003FC04F /* NoRank.c in Sources */,
				D0E05F5E26F8191A003FC04F /* EnterInfo.c in Sources */,
				D0E05F8C26F82FDC003FC04F /* GradesLevel.c in Sources */,
				D0E05F5326F80E9C003FC04F /* main.c in Sources */,
				D0E05F7D26F81FD5003FC04F /* SumRank.c in Sources */,
				D0E05F8626F82CBA003FC04F /* FindByNo.c in Sources */,
				D0E05F8326F8274A003FC04F /* NameRank.c in Sources */,
				D0E05F7A26F81DFD003FC04F /* SingleStu.c in Sources */,
				D0E05F8926F82EB3003FC04F /* FindByName.c in Sources */,
				D0E05F8F26F83205003FC04F /* PrintAll.c in Sources */,
				D0E05F7726F81BF4003FC04F /* Average.c in Sources */,
			);
			runOnlyForDeploymentPostprocessing = 0;
		};
/* End PBXSourcesBuildPhase section */

/* Begin XCBuildConfiguration section */
		D0E05F5426F80E9C003FC04F /* Debug */ = {
			isa = XCBuildConfiguration;
			buildSettings = {
				ALWAYS_SEARCH_USER_PATHS = NO;
				CLANG_ANALYZER_NONNULL = YES;
				CLANG_ANALYZER_NUMBER_OBJECT_CONVERSION = YES_AGGRESSIVE;
				CLANG_CXX_LANGUAGE_STANDARD = "gnu++14";
				CLANG_CXX_LIBRARY = "libc++";
				CLANG_ENABLE_MODULES = YES;
				CLANG_ENABLE_OBJC_ARC = YES;
				CLANG_ENABLE_OBJC_WEAK = YES;
				CLANG_WARN_BLOCK_CAPTURE_AUTORELEASING = YES;
				CLANG_WARN_BOOL_CONVERSION = YES;
				CLANG_WARN_COMMA = YES;
				CLANG_WARN_CONSTANT_CONVERSION = YES;
				CLANG_WARN_DEPRECATED_OBJC_IMPLEMENTATIONS = YES;
				CLANG_WARN_DIRECT_OBJC_ISA_USAGE = YES_ERROR;
				CLANG_WARN_DOCUMENTATION_COMMENTS = YES;
				CLANG_WARN_EMPTY_BODY = YES;
				CLANG_WARN_ENUM_CONVERSION = YES;
				CLANG_WARN_INFINITE_RECURSION = YES;
				CLANG_WARN_INT_CONVERSION = YES;
				CLANG_WARN_NON_LITERAL_NULL_CONVERSION = YES;
				CLANG_WARN_OBJC_IMPLICIT_RETAIN_SELF = YES;
				CLANG_WARN_OBJC_LITERAL_CONVERSION = YES;
				CLANG_WARN_OBJC_ROOT_CLASS = YES_ERROR;
				CLANG_WARN_QUOTED_INCLUDE_IN_FRAMEWORK_HEADER = YES;
				CLANG_WARN_RANGE_LOOP_ANALYSIS = YES;
				CLANG_WARN_STRICT_PROTOTYPES = YES;
				CLANG_WARN_SUSPICIOUS_MOVE = YES;
				CLANG_WARN_UNGUARDED_AVAILABILITY = YES_AGGRESSIVE;
				CLANG_WARN_UNREACHABLE_CODE = YES;
				CLANG_WARN__DUPLICATE_METHOD_MATCH = YES;
				COPY_PHASE_STRIP = NO;
				DEBUG_INFORMATION_FORMAT = dwarf;
				ENABLE_STRICT_OBJC_MSGSEND = YES;
				ENABLE_TESTABILITY = YES;
				GCC_C_LANGUAGE_STANDARD = gnu11;
				GCC_DYNAMIC_NO_PIC = NO;
				GCC_NO_COMMON_BLOCKS = YES;
				GCC_OPTIMIZATION_LEVEL = 0;
				GCC_PREPROCESSOR_DEFINITIONS = (
					"DEBUG=1",
					"$(inherited)",
				);
				GCC_WARN_64_TO_32_BIT_CONVERSION = YES;
				GCC_WARN_ABOUT_RETURN_TYPE = YES_ERROR;
				GCC_WARN_UNDECLARED_SELECTOR = YES;
				GCC_WARN_UNINITIALIZED_AUTOS = YES_AGGRESSIVE;
				GCC_WARN_UNUSED_FUNCTION = YES;
				GCC_WARN_UNUSED_VARIABLE = YES;
				MACOSX_DEPLOYMENT_TARGET = 11.3;
				MTL_ENABLE_DEBUG_INFO = INCLUDE_SOURCE;
				MTL_FAST_MATH = YES;
				ONLY_ACTIVE_ARCH = YES;
				SDKROOT = macosx;
			};
			name = Debug;
		};
		D0E05F5526F80E9C003FC04F /* Release */ = {
			isa = XCBuildConfiguration;
			buildSettings = {
				ALWAYS_SEARCH_USER_PATHS = NO;
				CLANG_ANALYZER_NONNULL = YES;
				CLANG_ANALYZER_NUMBER_OBJECT_CONVERSION = YES_AGGRESSIVE;
				CLANG_CXX_LANGUAGE_STANDARD = "gnu++14";
				CLANG_CXX_LIBRARY = "libc++";
				CLANG_ENABLE_MODULES = YES;
				CLANG_ENABLE_OBJC_ARC = YES;
				CLANG_ENABLE_OBJC_WEAK = YES;
				CLANG_WARN_BLOCK_CAPTURE_AUTORELEASING = YES;
				CLANG_WARN_BOOL_CONVERSION = YES;
				CLANG_WARN_COMMA = YES;
				CLANG_WARN_CONSTANT_CONVERSION = YES;
				CLANG_WARN_DEPRECATED_OBJC_IMPLEMENTATIONS = YES;
				CLANG_WARN_DIRECT_OBJC_ISA_USAGE = YES_ERROR;
				CLANG_WARN_DOCUMENTATION_COMMENTS = YES;
				CLANG_WARN_EMPTY_BODY = YES;
				CLANG_WARN_ENUM_CONVERSION = YES;
				CLANG_WARN_INFINITE_RECURSION = YES;
				CLANG_WARN_INT_CONVERSION = YES;
				CLANG_WARN_NON_LITERAL_NULL_CONVERSION = YES;
				CLANG_WARN_OBJC_IMPLICIT_RETAIN_SELF = YES;
				CLANG_WARN_OBJC_LITERAL_CONVERSION = YES;
				CLANG_WARN_OBJC_ROOT_CLASS = YES_ERROR;
				CLANG_WARN_QUOTED_INCLUDE_IN_FRAMEWORK_HEADER = YES;
				CLANG_WARN_RANGE_LOOP_ANALYSIS = YES;
				CLANG_WARN_STRICT_PROTOTYPES = YES;
				CLANG_WARN_SUSPICIOUS_MOVE = YES;
				CLANG_WARN_UNGUARDED_AVAILABILITY = YES_AGGRESSIVE;
				CLANG_WARN_UNREACHABLE_CODE = YES;
				CLANG_WARN__DUPLICATE_METHOD_MATCH = YES;
				COPY_PHASE_STRIP = NO;
				DEBUG_INFORMATION_FORMAT = "dwarf-with-dsym";
				ENABLE_NS_ASSERTIONS = NO;
				ENABLE_STRICT_OBJC_MSGSEND = YES;
				GCC_C_LANGUAGE_STANDARD = gnu11;
				GCC_NO_COMMON_BLOCKS = YES;
				GCC_WARN_64_TO_32_BIT_CONVERSION = YES;
				GCC_WARN_ABOUT_RETURN_TYPE = YES_ERROR;
				GCC_WARN_UNDECLARED_SELECTOR = YES;
				GCC_WARN_UNINITIALIZED_AUTOS = YES_AGGRESSIVE;
				GCC_WARN_UNUSED_FUNCTION = YES;
				GCC_WARN_UNUSED_VARIABLE = YES;
				MACOSX_DEPLOYMENT_TARGET = 11.3;
				MTL_ENABLE_DEBUG_INFO = NO;
				MTL_FAST_MATH = YES;
				SDKROOT = macosx;
			};
			name = Release;
		};
		D0E05F5726F80E9C003FC04F /* Debug */ = {
			isa = XCBuildConfiguration;
			buildSettings = {
				CODE_SIGN_STYLE = Automatic;
				DEVELOPMENT_TEAM = Y8A297H3W2;
				ENABLE_HARDENED_RUNTIME = YES;
				PRODUCT_NAME = "$(TARGET_NAME)";
			};
			name = Debug;
		};
		D0E05F5826F80E9C003FC04F /* Release */ = {
			isa = XCBuildConfiguration;
			buildSettings = {
				CODE_SIGN_STYLE = Automatic;
				DEVELOPMENT_TEAM = Y8A297H3W2;
				ENABLE_HARDENED_RUNTIME = YES;
				PRODUCT_NAME = "$(TARGET_NAME)";
			};
			name = Release;
		};
/* End XCBuildConfiguration section */

/* Begin XCConfigurationList section */
		D0E05F4A26F80E9C003FC04F /* Build configuration list for PBXProject "project8.0" */ = {
			isa = XCConfigurationList;
			buildConfigurations = (
				D0E05F5426F80E9C003FC04F /* Debug */,
				D0E05F5526F80E9C003FC04F /* Release */,
			);
			defaultConfigurationIsVisible = 0;
			defaultConfigurationName = Release;
		};
		D0E05F5626F80E9C003FC04F /* Build configuration list for PBXNativeTarget "project8.0" */ = {
			isa = XCConfigurationList;
			buildConfigurations = (
				D0E05F5726F80E9C003FC04F /* Debug */,
				D0E05F5826F80E9C003FC04F /* Release */,
			);
			defaultConfigurationIsVisible = 0;
			defaultConfigurationName = Release;
		};
/* End XCConfigurationList section */
	};
	rootObject = D0E05F4726F80E9C003FC04F /* Project object */;
}
